{
  "version": 4,
  "terraform_version": "1.15.8",
  "serial": 6,
  "lineage": "447d6f92-944d-64a6-a6e5-67f53e5e1573",
  "outputs": {
    "bucket_state": {
      "value": "edtech-tfstate-047600599757",
      "type": "string"
    },
    "tabla_locks": {
      "value": "edtech-tflock",
      "type": "string"
    }
  },
  "resources": [
    {
      "mode": "data",
      "type": "aws_caller_identity",
      "name": "actual",
      "provider": "provider[\"registry.terraform.io/hashicorp/aws\"]",
      "instances": [
        {
          "schema_version": 0,
          "attributes": {
            "account_id": "047600599757",
            "arn": "arn:aws:iam::047600599757:user/tic-aws-anrrous",
            "id": "047600599757",
            "user_id": "AIDAQWFJXQLGQAKHHDISB"
          },
          "sensitive_attributes": [],
          "identity_schema_version": 0
        }
      ]
    },
    {
      "mode": "managed",
      "type": "aws_dynamodb_table",
      "name": "tflock",
      "provider": "provider[\"registry.terraform.io/hashicorp/aws\"]",
      "instances": [
        {
          "schema_version": 1,
          "attributes": {
            "arn": "arn:aws:dynamodb:us-east-1:047600599757:table/edtech-tflock",
            "attribute": [
              {
                "name": "LockID",
                "type": "S"
              }
            ],
            "billing_mode": "PAY_PER_REQUEST",
            "deletion_protection_enabled": false,
            "global_secondary_index": [],
            "global_table_witness": [],
            "hash_key": "LockID",
            "id": "edtech-tflock",
            "import_table": [],
            "local_secondary_index": [],
            "name": "edtech-tflock",
            "on_demand_throughput": [],
            "point_in_time_recovery": [
              {
                "enabled": false,
                "recovery_period_in_days": 0
              }
            ],
            "range_key": null,
            "read_capacity": 0,
            "region": "us-east-1",
            "replica": [],
            "restore_backup_arn": null,
            "restore_date_time": null,
            "restore_source_name": null,
            "restore_source_table_arn": null,
            "restore_to_latest_time": null,
            "server_side_encryption": [],
            "stream_arn": "",
            "stream_enabled": false,
            "stream_label": "",
            "stream_view_type": "",
            "table_class": "STANDARD",
            "tags": null,
            "tags_all": {
              "Env": "dev",
              "ManagedBy": "terraform",
              "Project": "edtech",
              "Service": "shared"
            },
            "timeouts": null,
            "ttl": [
              {
                "attribute_name": "",
                "enabled": false
              }
            ],
            "warm_throughput": [],
            "write_capacity": 0
          },
          "sensitive_attributes": [],
          "identity_schema_version": 0,
          "identity": {
            "account_id": "047600599757",
            "name": "edtech-tflock",
            "region": "us-east-1"
          },
          "private": "eyJlMmJmYjczMC1lY2FhLTExZTYtOGY4OC0zNDM2M2JjN2M0YzAiOnsiY3JlYXRlIjoxODAwMDAwMDAwMDAwLCJkZWxldGUiOjYwMDAwMDAwMDAwMCwidXBkYXRlIjozNjAwMDAwMDAwMDAwfSwic2NoZW1hX3ZlcnNpb24iOiIxIn0="
        }
      ]
    },
    {
      "mode": "managed",
      "type": "aws_s3_bucket",
      "name": "tfstate",
      "provider": "provider[\"registry.terraform.io/hashicorp/aws\"]",
      "instances": [
        {
          "schema_version": 0,
          "attributes": {
            "acceleration_status": "",
            "acl": null,
            "arn": "arn:aws:s3:::edtech-tfstate-047600599757",
            "bucket": "edtech-tfstate-047600599757",
            "bucket_domain_name": "edtech-tfstate-047600599757.s3.amazonaws.com",
            "bucket_namespace": "global",
            "bucket_prefix": "",
            "bucket_region": "us-east-1",
            "bucket_regional_domain_name": "edtech-tfstate-047600599757.s3.us-east-1.amazonaws.com",
            "cors_rule": [],
            "force_destroy": false,
            "grant": [
              {
                "id": "7e44982a72d21e6a56edc36274c2d38ab1bfc2ca6f5ae2a2f9625b64ca26a1c5",
                "permissions": [
                  "FULL_CONTROL"
                ],
                "type": "CanonicalUser",
                "uri": ""
              }
            ],
            "hosted_zone_id": "Z3AQBSTGFYJSTF",
            "id": "edtech-tfstate-047600599757",
            "lifecycle_rule": [],
            "logging": [],
            "object_lock_configuration": [],
            "object_lock_enabled": false,
            "policy": "",
            "region": "us-east-1",
            "replication_configuration": [],
            "request_payer": "BucketOwner",
            "server_side_encryption_configuration": [
              {
                "rule": [
                  {
                    "apply_server_side_encryption_by_default": [
                      {
                        "kms_master_key_id": "",
                        "sse_algorithm": "AES256"
                      }
                    ],
                    "bucket_key_enabled": false
                  }
                ]
              }
            ],
            "tags": null,
            "tags_all": {
              "Env": "dev",
              "ManagedBy": "terraform",
              "Project": "edtech",
              "Service": "shared"
            },
            "timeouts": null,
            "versioning": [
              {
                "enabled": false,
                "mfa_delete": false
              }
            ],
            "website": [],
            "website_domain": null,
            "website_endpoint": null
          },
          "sensitive_attributes": [],
          "identity_schema_version": 0,
          "identity": {
            "account_id": "047600599757",
            "bucket": "edtech-tfstate-047600599757",
            "region": "us-east-1"
          },
          "private": "eyJlMmJmYjczMC1lY2FhLTExZTYtOGY4OC0zNDM2M2JjN2M0YzAiOnsiY3JlYXRlIjoxMjAwMDAwMDAwMDAwLCJkZWxldGUiOjM2MDAwMDAwMDAwMDAsInJlYWQiOjEyMDAwMDAwMDAwMDAsInVwZGF0ZSI6MTIwMDAwMDAwMDAwMH19",
          "dependencies": [
            "data.aws_caller_identity.actual"
          ]
        }
      ]
    },
    {
      "mode": "managed",
      "type": "aws_s3_bucket_public_access_block",
      "name": "tfstate",
      "provider": "provider[\"registry.terraform.io/hashicorp/aws\"]",
      "instances": [
        {
          "schema_version": 0,
          "attributes": {
            "block_public_acls": true,
            "block_public_policy": true,
            "bucket": "edtech-tfstate-047600599757",
            "id": "edtech-tfstate-047600599757",
            "ignore_public_acls": true,
            "region": "us-east-1",
            "restrict_public_buckets": true,
            "skip_destroy": null
          },
          "sensitive_attributes": [],
          "identity_schema_version": 0,
          "identity": {
            "account_id": "047600599757",
            "bucket": "edtech-tfstate-047600599757",
            "region": "us-east-1"
          },
          "private": "bnVsbA==",
          "dependencies": [
            "aws_s3_bucket.tfstate",
            "data.aws_caller_identity.actual"
          ]
        }
      ]
    },
    {
      "mode": "managed",
      "type": "aws_s3_bucket_server_side_encryption_configuration",
      "name": "tfstate",
      "provider": "provider[\"registry.terraform.io/hashicorp/aws\"]",
      "instances": [
        {
          "schema_version": 0,
          "attributes": {
            "bucket": "edtech-tfstate-047600599757",
            "expected_bucket_owner": "",
            "id": "edtech-tfstate-047600599757",
            "region": "us-east-1",
            "rule": [
              {
                "apply_server_side_encryption_by_default": [
                  {
                    "kms_master_key_id": "",
                    "sse_algorithm": "aws:kms"
                  }
                ],
                "blocked_encryption_types": [
                  "SSE-C"
                ],
                "bucket_key_enabled": false
              }
            ]
          },
          "sensitive_attributes": [],
          "identity_schema_version": 1,
          "identity": {
            "account_id": "047600599757",
            "bucket": "edtech-tfstate-047600599757",
            "region": "us-east-1"
          },
          "private": "bnVsbA==",
          "dependencies": [
            "aws_s3_bucket.tfstate",
            "data.aws_caller_identity.actual"
          ]
        }
      ]
    },
    {
      "mode": "managed",
      "type": "aws_s3_bucket_versioning",
      "name": "tfstate",
      "provider": "provider[\"registry.terraform.io/hashicorp/aws\"]",
      "instances": [
        {
          "schema_version": 0,
          "attributes": {
            "bucket": "edtech-tfstate-047600599757",
            "expected_bucket_owner": "",
            "id": "edtech-tfstate-047600599757",
            "mfa": null,
            "region": "us-east-1",
            "versioning_configuration": [
              {
                "mfa_delete": "Disabled",
                "status": "Enabled"
              }
            ]
          },
          "sensitive_attributes": [],
          "identity_schema_version": 1,
          "identity": {
            "account_id": "047600599757",
            "bucket": "edtech-tfstate-047600599757",
            "region": "us-east-1"
          },
          "private": "bnVsbA==",
          "dependencies": [
            "aws_s3_bucket.tfstate",
            "data.aws_caller_identity.actual"
          ]
        }
      ]
    }
  ],
  "check_results": null
}
